// !$*UTF8*$!
{
	archiveVersion = 1;
	classes = {
	};
	objectVersion = 56;
	objects = {

/* Begin PBXBuildFile section */
		1E09F7D22BD3DC7700589F01 /* HistoryEvent.swift in Sources */ = {isa = PBXBuildFile; fileRef = 1E09F7D12BD3DC7700589F01 /* HistoryEvent.swift */; };
		1E54A2972BD2EED400CC915C /* AppDelegate.swift in Sources */ = {isa = PBXBuildFile; fileRef = 1E54A2962BD2EED400CC915C /* AppDelegate.swift */; };
		1E54A2992BD2EED400CC915C /* SceneDelegate.swift in Sources */ = {isa = PBXBuildFile; fileRef = 1E54A2982BD2EED400CC915C /* SceneDelegate.swift */; };
		1E54A29B2BD2EED400CC915C /* ViewController.swift in Sources */ = {isa = PBXBuildFile; fileRef = 1E54A29A2BD2EED400CC915C /* ViewController.swift */; };
		1E54A29E2BD2EED400CC915C /* Base in Resources */ = {isa = PBXBuildFile; fileRef = 1E54A29D2BD2EED400CC915C /* Base */; };
		1E54A2A02BD2EED500CC915C /* Assets.xcassets in Resources */ = {isa = PBXBuildFile; fileRef = 1E54A29F2BD2EED500CC915C /* Assets.xcassets */; };
		1E54A2A32BD2EED500CC915C /* Base in Resources */ = {isa = PBXBuildFile; fileRef = 1E54A2A22BD2EED500CC915C /* Base */; };
		1E54A2AE2BD2EED500CC915C /* CounterTests.swift in Sources */ = {isa = PBXBuildFile; fileRef = 1E54A2AD2BD2EED500CC915C /* CounterTests.swift */; };
		1E54A2B82BD2EED500CC915C /* CounterUITests.swift in Sources */ = {isa = PBXBuildFile; fileRef = 1E54A2B72BD2EED500CC915C /* CounterUITests.swift */; };
		1E54A2BA2BD2EED500CC915C /* CounterUITestsLaunchTests.swift in Sources */ = {isa = PBXBuildFile; fileRef = 1E54A2B92BD2EED500CC915C /* CounterUITestsLaunchTests.swift */; };
/* End PBXBuildFile section */

/* Begin PBXContainerItemProxy section */
		1E54A2AA2BD2EED500CC915C /* PBXContainerItemProxy */ = {
			isa = PBXContainerItemProxy;
			containerPortal = 1E54A28B2BD2EED400CC915C /* Project object */;
			proxyType = 1;
			remoteGlobalIDString = 1E54A2922BD2EED400CC915C;
			remoteInfo = Counter;
		};
		1E54A2B42BD2EED500CC915C /* PBXContainerItemProxy */ = {
			isa = PBXContainerItemProxy;
			containerPortal = 1E54A28B2BD2EED400CC915C /* Project object */;
			proxyType = 1;
			remoteGlobalIDString = 1E54A2922BD2EED400CC915C;
			remoteInfo = Counter;
		};
/* End PBXContainerItemProxy section */

/* Begin PBXFileReference section */
		1E09F7D12BD3DC7700589F01 /* HistoryEvent.swift */ = {isa = PBXFileReference; lastKnownFileType = sourcecode.swift; path = HistoryEvent.swift; sourceTree = "<group>"; };
		1E54A2932BD2EED400CC915C /* Counter.app */ = {isa = PBXFileReference; explicitFileType = wrapper.application; includeInIndex = 0; path = Counter.app; sourceTree = BUILT_PRODUCTS_DIR; };
		1E54A2962BD2EED400CC915C /* AppDelegate.swift */ = {isa = PBXFileReference; lastKnownFileType = sourcecode.swift; path = AppDelegate.swift; sourceTree = "<group>"; };
		1E54A2982BD2EED400CC915C /* SceneDelegate.swift */ = {isa = PBXFileReference; lastKnownFileType = sourcecode.swift; path = SceneDelegate.swift; sourceTree = "<group>"; };
		1E54A29A2BD2EED400CC915C /* ViewController.swift */ = {isa = PBXFileReference; lastKnownFileType = sourcecode.swift; path = ViewController.swift; sourceTree = "<group>"; };
		1E54A29D2BD2EED400CC915C /* Base */ = {isa = PBXFileReference; lastKnownFileType = file.storyboard; name = Base; path = Base.lproj/Main.storyboard; sourceTree = "<group>"; };
		1E54A29F2BD2EED500CC915C /* Assets.xcassets */ = {isa = PBXFileReference; lastKnownFileType = folder.assetcatalog; path = Assets.xcassets; sourceTree = "<group>"; };
		1E54A2A22BD2EED500CC915C /* Base */ = {isa = PBXFileReference; lastKnownFileType = file.storyboard; name = Base; path = Base.lproj/LaunchScreen.storyboard; sourceTree = "<group>"; };
		1E54A2A42BD2EED500CC915C /* Info.plist */ = {isa = PBXFileReference; lastKnownFileType = text.plist.xml; path = Info.plist; sourceTree = "<group>"; };
		1E54A2A92BD2EED500CC915C /* CounterTests.xctest */ = {isa = PBXFileReference; explicitFileType = wrapper.cfbundle; includeInIndex = 0; path = CounterTests.xctest; sourceTree = BUILT_PRODUCTS_DIR; };
		1E54A2AD2BD2EED500CC915C /* CounterTests.swift */ = {isa = PBXFileReference; lastKnownFileType = sourcecode.swift; path = CounterTests.swift; sourceTree = "<group>"; };
		1E54A2B32BD2EED500CC915C /* CounterUITests.xctest */ = {isa = PBXFileReference; explicitFileType = wrapper.cfbundle; includeInIndex = 0; path = CounterUITests.xctest; sourceTree = BUILT_PRODUCTS_DIR; };
		1E54A2B72BD2EED500CC915C /* CounterUITests.swift */ = {isa = PBXFileReference; lastKnownFileType = sourcecode.swift; path = CounterUITests.swift; sourceTree = "<group>"; };
		1E54A2B92BD2EED500CC915C /* CounterUITestsLaunchTests.swift */ = {isa = PBXFileReference; lastKnownFileType = sourcecode.swift; path = CounterUITestsLaunchTests.swift; sourceTree = "<group>"; };
/* End PBXFileReference section */

/* Begin PBXFrameworksBuildPhase section */
		1E54A2902BD2EED400CC915C /* Frameworks */ = {
			isa = PBXFrameworksBuildPhase;
			buildActionMask = 2147483647;
			files = (
			);
			runOnlyForDeploymentPostprocessing = 0;
		};
		1E54A2A62BD2EED500CC915C /* Frameworks */ = {
			isa = PBXFrameworksBuildPhase;
			buildActionMask = 2147483647;
			files = (
			);
			runOnlyForDeploymentPostprocessing = 0;
		};
		1E54A2B02BD2EED500CC915C /* Frameworks */ = {
			isa = PBXFrameworksBuildPhase;
			buildActionMask = 2147483647;
			files = (
			);
			runOnlyForDeploymentPostprocessing = 0;
		};
/* End PBXFrameworksBuildPhase section */

/* Begin PBXGroup section */
		1E54A28A2BD2EED400CC915C = {
			isa = PBXGroup;
			children = (
				1E54A2952BD2EED400CC915C /* Counter */,
				1E54A2AC2BD2EED500CC915C /* CounterTests */,
				1E54A2B62BD2EED500CC915C /* CounterUITests */,
				1E54A2942BD2EED400CC915C /* Products */,
			);
			sourceTree = "<group>";
		};
		1E54A2942BD2EED400CC915C /* Products */ = {
			isa = PBXGroup;
			children = (
				1E54A2932BD2EED400CC915C /* Counter.app */,
				1E54A2A92BD2EED500CC915C /* CounterTests.xctest */,
				1E54A2B32BD2EED500CC915C /* CounterUITests.xctest */,
			);
			name = Products;
			sourceTree = "<group>";
		};
		1E54A2952BD2EED400CC915C /* Counter */ = {
			isa = PBXGroup;
			children = (
				1E54A2962BD2EED400CC915C /* AppDelegate.swift */,
				1E54A2982BD2EED400CC915C /* SceneDelegate.swift */,
				1E54A29A2BD2EED400CC915C /* ViewController.swift */,
				1E54A29C2BD2EED400CC915C /* Main.storyboard */,
				1E54A29F2BD2EED500CC915C /* Assets.xcassets */,
				1E54A2A12BD2EED500CC915C /* LaunchScreen.storyboard */,
				1E54A2A42BD2EED500CC915C /* Info.plist */,
				1E09F7D12BD3DC7700589F01 /* HistoryEvent.swift */,
			);
			path = Counter;
			sourceTree = "<group>";
		};
		1E54A2AC2BD2EED500CC915C /* CounterTests */ = {
			isa = PBXGroup;
			children = (
				1E54A2AD2BD2EED500CC915C /* CounterTests.swift */,
			);
			path = CounterTests;
			sourceTree = "<group>";
		};
		1E54A2B62BD2EED500CC915C /* CounterUITests */ = {
			isa = PBXGroup;
			children = (
				1E54A2B72BD2EED500CC915C /* CounterUITests.swift */,
				1E54A2B92BD2EED500CC915C /* CounterUITestsLaunchTests.swift */,
			);
			path = CounterUITests;
			sourceTree = "<group>";
		};
/* End PBXGroup section */

/* Begin PBXNativeTarget section */
		1E54A2922BD2EED400CC915C /* Counter */ = {
			isa = PBXNativeTarget;
			buildConfigurationList = 1E54A2BD2BD2EED500CC915C /* Build configuration list for PBXNativeTarget "Counter" */;
			buildPhases = (
				1E54A28F2BD2EED400CC915C /* Sources */,
				1E54A2902BD2EED400CC915C /* Frameworks */,
				1E54A2912BD2EED400CC915C /* Resources */,
			);
			buildRules = (
			);
			dependencies = (
			);
			name = Counter;
			productName = Counter;
			productReference = 1E54A2932BD2EED400CC915C /* Counter.app */;
			productType = "com.apple.product-type.application";
		};
		1E54A2A82BD2EED500CC915C /* CounterTests */ = {
			isa = PBXNativeTarget;
			buildConfigurationList = 1E54A2C02BD2EED500CC915C /* Build configuration list for PBXNativeTarget "CounterTests" */;
			buildPhases = (
				1E54A2A52BD2EED500CC915C /* Sources */,
				1E54A2A62BD2EED500CC915C /* Frameworks */,
				1E54A2A72BD2EED500CC915C /* Resources */,
			);
			buildRules = (
			);
			dependencies = (
				1E54A2AB2BD2EED500CC915C /* PBXTargetDependency */,
			);
			name = CounterTests;
			productName = CounterTests;
			productReference = 1E54A2A92BD2EED500CC915C /* CounterTests.xctest */;
			productType = "com.apple.product-type.bundle.unit-test";
		};
		1E54A2B22BD2EED500CC915C /* CounterUITests */ = {
			isa = PBXNativeTarget;
			buildConfigurationList = 1E54A2C32BD2EED500CC915C /* Build configuration list for PBXNativeTarget "CounterUITests" */;
			buildPhases = (
				1E54A2AF2BD2EED500CC915C /* Sources */,
				1E54A2B02BD2EED500CC915C /* Frameworks */,
				1E54A2B12BD2EED500CC915C /* Resources */,
			);
			buildRules = (
			);
			dependencies = (
				1E54A2B52BD2EED500CC915C /* PBXTargetDependency */,
			);
			name = CounterUITests;
			productName = CounterUITests;
			productReference = 1E54A2B32BD2EED500CC915C /* CounterUITests.xctest */;
			productType = "com.apple.product-type.bundle.ui-testing";
		};
/* End PBXNativeTarget section */

/* Begin PBXProject section */
		1E54A28B2BD2EED400CC915C /* Project object */ = {
			isa = PBXProject;
			attributes = {
				BuildIndependentTargetsInParallel = 1;
				LastSwiftUpdateCheck = 1530;
				LastUpgradeCheck = 1530;
				TargetAttributes = {
					1E54A2922BD2EED400CC915C = {
						CreatedOnToolsVersion = 15.3;
					};
					1E54A2A82BD2EED500CC915C = {
						CreatedOnToolsVersion = 15.3;
						TestTargetID = 1E54A2922BD2EED400CC915C;
					};
					1E54A2B22BD2EED500CC915C = {
						CreatedOnToolsVersion = 15.3;
						TestTargetID = 1E54A2922BD2EED400CC915C;
					};
				};
			};
			buildConfigurationList = 1E54A28E2BD2EED400CC915C /* Build configuration list for PBXProject "Counter" */;
			compatibilityVersion = "Xcode 14.0";
			developmentRegion = en;
			hasScannedForEncodings = 0;
			knownRegions = (
				en,
				Base,
			);
			mainGroup = 1E54A28A2BD2EED400CC915C;
			productRefGroup = 1E54A2942BD2EED400CC915C /* Products */;
			projectDirPath = "";
			projectRoot = "";
			targets = (
				1E54A2922BD2EED400CC915C /* Counter */,
				1E54A2A82BD2EED500CC915C /* CounterTests */,
				1E54A2B22BD2EED500CC915C /* CounterUITests */,
			);
		};
/* End PBXProject section */

/* Begin PBXResourcesBuildPhase section */
		1E54A2912BD2EED400CC915C /* Resources */ = {
			isa = PBXResourcesBuildPhase;
			buildActionMask = 2147483647;
			files = (
				1E54A2A02BD2EED500CC915C /* Assets.xcassets in Resources */,
				1E54A2A32BD2EED500CC915C /* Base in Resources */,
				1E54A29E2BD2EED400CC915C /* Base in Resources */,
			);
			runOnlyForDeploymentPostprocessing = 0;
		};
		1E54A2A72BD2EED500CC915C /* Resources */ = {
			isa = PBXResourcesBuildPhase;
			buildActionMask = 2147483647;
			files = (
			);
			runOnlyForDeploymentPostprocessing = 0;
		};
		1E54A2B12BD2EED500CC915C /* Resources */ = {
			isa = PBXResourcesBuildPhase;
			buildActionMask = 2147483647;
			files = (
			);
			runOnlyForDeploymentPostprocessing = 0;
		};
/* End PBXResourcesBuildPhase section */

/* Begin PBXSourcesBuildPhase section */
		1E54A28F2BD2EED400CC915C /* Sources */ = {
			isa = PBXSourcesBuildPhase;
			buildActionMask = 2147483647;
			files = (
				1E54A29B2BD2EED400CC915C /* ViewController.swift in Sources */,
				1E09F7D22BD3DC7700589F01 /* HistoryEvent.swift in Sources */,
				1E54A2972BD2EED400CC915C /* AppDelegate.swift in Sources */,
				1E54A2992BD2EED400CC915C /* SceneDelegate.swift in Sources */,
			);
			runOnlyForDeploymentPostprocessing = 0;
		};
		1E54A2A52BD2EED500CC915C /* Sources */ = {
			isa = PBXSourcesBuildPhase;
			buildActionMask = 2147483647;
			files = (
				1E54A2AE2BD2EED500CC915C /* CounterTests.swift in Sources */,
			);
			runOnlyForDeploymentPostprocessing = 0;
		};
		1E54A2AF2BD2EED500CC915C /* Sources */ = {
			isa = PBXSourcesBuildPhase;
			buildActionMask = 2147483647;
			files = (
				1E54A2B82BD2EED500CC915C /* CounterUITests.swift in Sources */,
				1E54A2BA2BD2EED500CC915C /* CounterUITestsLaunchTests.swift in Sources */,
			);
			runOnlyForDeploymentPostprocessing = 0;
		};
/* End PBXSourcesBuildPhase section */

/* Begin PBXTargetDependency section */
		1E54A2AB2BD2EED500CC915C /* PBXTargetDependency */ = {
			isa = PBXTargetDependency;
			target = 1E54A2922BD2EED400CC915C /* Counter */;
			targetProxy = 1E54A2AA2BD2EED500CC915C /* PBXContainerItemProxy */;
		};
		1E54A2B52BD2EED500CC915C /* PBXTargetDependency */ = {
			isa = PBXTargetDependency;
			target = 1E54A2922BD2EED400CC915C /* Counter */;
			targetProxy = 1E54A2B42BD2EED500CC915C /* PBXContainerItemProxy */;
		};
/* End PBXTargetDependency section */

/* Begin PBXVariantGroup section */
		1E54A29C2BD2EED400CC915C /* Main.storyboard */ = {
			isa = PBXVariantGroup;
			children = (
				1E54A29D2BD2EED400CC915C /* Base */,
			);
			name = Main.storyboard;
			sourceTree = "<group>";
		};
		1E54A2A12BD2EED500CC915C /* LaunchScreen.storyboard */ = {
			isa = PBXVariantGroup;
			children = (
				1E54A2A22BD2EED500CC915C /* Base */,
			);
			name = LaunchScreen.storyboard;
			sourceTree = "<group>";
		};
/* End PBXVariantGroup section */

/* Begin XCBuildConfiguration section */
		1E54A2BB2BD2EED500CC915C /* Debug */ = {
			isa = XCBuildConfiguration;
			buildSettings = {
				ALWAYS_SEARCH_USER_PATHS = NO;
				ASSETCATALOG_COMPILER_GENERATE_SWIFT_ASSET_SYMBOL_EXTENSIONS = YES;
				CLANG_ANALYZER_NONNULL = YES;
				CLANG_ANALYZER_NUMBER_OBJECT_CONVERSION = YES_AGGRESSIVE;
				CLANG_CXX_LANGUAGE_STANDARD = "gnu++20";
				CLANG_ENABLE_MODULES = YES;
				CLANG_ENABLE_OBJC_ARC = YES;
				CLANG_ENABLE_OBJC_WEAK = YES;
				CLANG_WARN_BLOCK_CAPTURE_AUTORELEASING = YES;
				CLANG_WARN_BOOL_CONVERSION = YES;
				CLANG_WARN_COMMA = YES;
				CLANG_WARN_CONSTANT_CONVERSION = YES;
				CLANG_WARN_DEPRECATED_OBJC_IMPLEMENTATIONS = YES;
				CLANG_WARN_DIRECT_OBJC_ISA_USAGE = YES_ERROR;
				CLANG_WARN_DOCUMENTATION_COMMENTS = YES;
				CLANG_WARN_EMPTY_BODY = YES;
				CLANG_WARN_ENUM_CONVERSION = YES;
				CLANG_WARN_INFINITE_RECURSION = YES;
				CLANG_WARN_INT_CONVERSION = YES;
				CLANG_WARN_NON_LITERAL_NULL_CONVERSION = YES;
				CLANG_WARN_OBJC_IMPLICIT_RETAIN_SELF = YES;
				CLANG_WARN_OBJC_LITERAL_CONVERSION = YES;
				CLANG_WARN_OBJC_ROOT_CLASS = YES_ERROR;
				CLANG_WARN_QUOTED_INCLUDE_IN_FRAMEWORK_HEADER = YES;
				CLANG_WARN_RANGE_LOOP_ANALYSIS = YES;
				CLANG_WARN_STRICT_PROTOTYPES = YES;
				CLANG_WARN_SUSPICIOUS_MOVE = YES;
				CLANG_WARN_UNGUARDED_AVAILABILITY = YES_AGGRESSIVE;
				CLANG_WARN_UNREACHABLE_CODE = YES;
				CLANG_WARN__DUPLICATE_METHOD_MATCH = YES;
				COPY_PHASE_STRIP = NO;
				DEBUG_INFORMATION_FORMAT = dwarf;
				ENABLE_STRICT_OBJC_MSGSEND = YES;
				ENABLE_TESTABILITY = YES;
				ENABLE_USER_SCRIPT_SANDBOXING = YES;
				GCC_C_LANGUAGE_STANDARD = gnu17;
				GCC_DYNAMIC_NO_PIC = NO;
				GCC_NO_COMMON_BLOCKS = YES;
				GCC_OPTIMIZATION_LEVEL = 0;
				GCC_PREPROCESSOR_DEFINITIONS = (
					"DEBUG=1",
					"$(inherited)",
				);
				GCC_WARN_64_TO_32_BIT_CONVERSION = YES;
				GCC_WARN_ABOUT_RETURN_TYPE = YES_ERROR;
				GCC_WARN_UNDECLARED_SELECTOR = YES;
				GCC_WARN_UNINITIALIZED_AUTOS = YES_AGGRESSIVE;
				GCC_WARN_UNUSED_FUNCTION = YES;
				GCC_WARN_UNUSED_VARIABLE = YES;
				IPHONEOS_DEPLOYMENT_TARGET = 17.4;
				LOCALIZATION_PREFERS_STRING_CATALOGS = YES;
				MTL_ENABLE_DEBUG_INFO = INCLUDE_SOURCE;
				MTL_FAST_MATH = YES;
				ONLY_ACTIVE_ARCH = YES;
				SDKROOT = iphoneos;
				SWIFT_ACTIVE_COMPILATION_CONDITIONS = "DEBUG $(inherited)";
				SWIFT_OPTIMIZATION_LEVEL = "-Onone";
			};
			name = Debug;
		};
		1E54A2BC2BD2EED500CC915C /* Release */ = {
			isa = XCBuildConfiguration;
			buildSettings = {
				ALWAYS_SEARCH_USER_PATHS = NO;
				ASSETCATALOG_COMPILER_GENERATE_SWIFT_ASSET_SYMBOL_EXTENSIONS = YES;
				CLANG_ANALYZER_NONNULL = YES;
				CLANG_ANALYZER_NUMBER_OBJECT_CONVERSION = YES_AGGRESSIVE;
				CLANG_CXX_LANGUAGE_STANDARD = "gnu++20";
				CLANG_ENABLE_MODULES = YES;
				CLANG_ENABLE_OBJC_ARC = YES;
				CLANG_ENABLE_OBJC_WEAK = YES;
				CLANG_WARN_BLOCK_CAPTURE_AUTORELEASING = YES;
				CLANG_WARN_BOOL_CONVERSION = YES;
				CLANG_WARN_COMMA = YES;
				CLANG_WARN_CONSTANT_CONVERSION = YES;
				CLANG_WARN_DEPRECATED_OBJC_IMPLEMENTATIONS = YES;
				CLANG_WARN_DIRECT_OBJC_ISA_USAGE = YES_ERROR;
				CLANG_WARN_DOCUMENTATION_COMMENTS = YES;
				CLANG_WARN_EMPTY_BODY = YES;
				CLANG_WARN_ENUM_CONVERSION = YES;
				CLANG_WARN_INFINITE_RECURSION = YES;
				CLANG_WARN_INT_CONVERSION = YES;
				CLANG_WARN_NON_LITERAL_NULL_CONVERSION = YES;
				CLANG_WARN_OBJC_IMPLICIT_RETAIN_SELF = YES;
				CLANG_WARN_OBJC_LITERAL_CONVERSION = YES;
				CLANG_WARN_OBJC_ROOT_CLASS = YES_ERROR;
				CLANG_WARN_QUOTED_INCLUDE_IN_FRAMEWORK_HEADER = YES;
				CLANG_WARN_RANGE_LOOP_ANALYSIS = YES;
				CLANG_WARN_STRICT_PROTOTYPES = YES;
				CLANG_WARN_SUSPICIOUS_MOVE = YES;
				CLANG_WARN_UNGUARDED_AVAILABILITY = YES_AGGRESSIVE;
				CLANG_WARN_UNREACHABLE_CODE = YES;
				CLANG_WARN__DUPLICATE_METHOD_MATCH = YES;
				COPY_PHASE_STRIP = NO;
				DEBUG_INFORMATION_FORMAT = "dwarf-with-dsym";
				ENABLE_NS_ASSERTIONS = NO;
				ENABLE_STRICT_OBJC_MSGSEND = YES;
				ENABLE_USER_SCRIPT_SANDBOXING = YES;
				GCC_C_LANGUAGE_STANDARD = gnu17;
				GCC_NO_COMMON_BLOCKS = YES;
				GCC_WARN_64_TO_32_BIT_CONVERSION = YES;
				GCC_WARN_ABOUT_RETURN_TYPE = YES_ERROR;
				GCC_WARN_UNDECLARED_SELECTOR = YES;
				GCC_WARN_UNINITIALIZED_AUTOS = YES_AGGRESSIVE;
				GCC_WARN_UNUSED_FUNCTION = YES;
				GCC_WARN_UNUSED_VARIABLE = YES;
				IPHONEOS_DEPLOYMENT_TARGET = 17.4;
				LOCALIZATION_PREFERS_STRING_CATALOGS = YES;
				MTL_ENABLE_DEBUG_INFO = NO;
				MTL_FAST_MATH = YES;
				SDKROOT = iphoneos;
				SWIFT_COMPILATION_MODE = wholemodule;
				VALIDATE_PRODUCT = YES;
			};
			name = Release;
		};
		1E54A2BE2BD2EED500CC915C /* Debug */ = {
			isa = XCBuildConfiguration;
			buildSettings = {
				ASSETCATALOG_COMPILER_APPICON_NAME = AppIcon;
				ASSETCATALOG_COMPILER_GLOBAL_ACCENT_COLOR_NAME = AccentColor;
				CODE_SIGN_STYLE = Automatic;
				CURRENT_PROJECT_VERSION = 1;
				DEVELOPMENT_TEAM = U246YSASYY;
				GENERATE_INFOPLIST_FILE = YES;
				INFOPLIST_FILE = Counter/Info.plist;
				INFOPLIST_KEY_UIApplicationSupportsIndirectInputEvents = YES;
				INFOPLIST_KEY_UILaunchStoryboardName = LaunchScreen;
				INFOPLIST_KEY_UIMainStoryboardFile = Main;
				INFOPLIST_KEY_UISupportedInterfaceOrientations_iPad = "UIInterfaceOrientationPortrait UIInterfaceOrientationPortraitUpsideDown UIInterfaceOrientationLandscapeLeft UIInterfaceOrientationLandscapeRight";
				INFOPLIST_KEY_UISupportedInterfaceOrientations_iPhone = "UIInterfaceOrientationPortrait UIInterfaceOrientationLandscapeLeft UIInterfaceOrientationLandscapeRight";
				LD_RUNPATH_SEARCH_PATHS = (
					"$(inherited)",
					"@executable_path/Frameworks",
				);
				MARKETING_VERSION = 1.0;
				PRODUCT_BUNDLE_IDENTIFIER = nixanok.Counter;
				PRODUCT_NAME = "$(TARGET_NAME)";
				SWIFT_EMIT_LOC_STRINGS = YES;
				SWIFT_VERSION = 5.0;
				TARGETED_DEVICE_FAMILY = "1,2";
			};
			name = Debug;
		};
		1E54A2BF2BD2EED500CC915C /* Release */ = {
			isa = XCBuildConfiguration;
			buildSettings = {
				ASSETCATALOG_COMPILER_APPICON_NAME = AppIcon;
				ASSETCATALOG_COMPILER_GLOBAL_ACCENT_COLOR_NAME = AccentColor;
				CODE_SIGN_STYLE = Automatic;
				CURRENT_PROJECT_VERSION = 1;
				DEVELOPMENT_TEAM = U246YSASYY;
				GENERATE_INFOPLIST_FILE = YES;
				INFOPLIST_FILE = Counter/Info.plist;
				INFOPLIST_KEY_UIApplicationSupportsIndirectInputEvents = YES;
				INFOPLIST_KEY_UILaunchStoryboardName = LaunchScreen;
				INFOPLIST_KEY_UIMainStoryboardFile = Main;
				INFOPLIST_KEY_UISupportedInterfaceOrientations_iPad = "UIInterfaceOrientationPortrait UIInterfaceOrientationPortraitUpsideDown UIInterfaceOrientationLandscapeLeft UIInterfaceOrientationLandscapeRight";
				INFOPLIST_KEY_UISupportedInterfaceOrientations_iPhone = "UIInterfaceOrientationPortrait UIInterfaceOrientationLandscapeLeft UIInterfaceOrientationLandscapeRight";
				LD_RUNPATH_SEARCH_PATHS = (
					"$(inherited)",
					"@executable_path/Frameworks",
				);
				MARKETING_VERSION = 1.0;
				PRODUCT_BUNDLE_IDENTIFIER = nixanok.Counter;
				PRODUCT_NAME = "$(TARGET_NAME)";
				SWIFT_EMIT_LOC_STRINGS = YES;
				SWIFT_VERSION = 5.0;
				TARGETED_DEVICE_FAMILY = "1,2";
			};
			name = Release;
		};
		1E54A2C12BD2EED500CC915C /* Debug */ = {
			isa = XCBuildConfiguration;
			buildSettings = {
				ALWAYS_EMBED_SWIFT_STANDARD_LIBRARIES = YES;
				BUNDLE_LOADER = "$(TEST_HOST)";
				CODE_SIGN_STYLE = Automatic;
				CURRENT_PROJECT_VERSION = 1;
				DEVELOPMENT_TEAM = U246YSASYY;
				GENERATE_INFOPLIST_FILE = YES;
				IPHONEOS_DEPLOYMENT_TARGET = 17.4;
				MARKETING_VERSION = 1.0;
				PRODUCT_BUNDLE_IDENTIFIER = nixanok.CounterTests;
				PRODUCT_NAME = "$(TARGET_NAME)";
				SWIFT_EMIT_LOC_STRINGS = NO;
				SWIFT_VERSION = 5.0;
				TARGETED_DEVICE_FAMILY = "1,2";
				TEST_HOST = "$(BUILT_PRODUCTS_DIR)/Counter.app/$(BUNDLE_EXECUTABLE_FOLDER_PATH)/Counter";
			};
			name = Debug;
		};
		1E54A2C22BD2EED500CC915C /* Release */ = {
			isa = XCBuildConfiguration;
			buildSettings = {
				ALWAYS_EMBED_SWIFT_STANDARD_LIBRARIES = YES;
				BUNDLE_LOADER = "$(TEST_HOST)";
				CODE_SIGN_STYLE = Automatic;
				CURRENT_PROJECT_VERSION = 1;
				DEVELOPMENT_TEAM = U246YSASYY;
				GENERATE_INFOPLIST_FILE = YES;
				IPHONEOS_DEPLOYMENT_TARGET = 17.4;
				MARKETING_VERSION = 1.0;
				PRODUCT_BUNDLE_IDENTIFIER = nixanok.CounterTests;
				PRODUCT_NAME = "$(TARGET_NAME)";
				SWIFT_EMIT_LOC_STRINGS = NO;
				SWIFT_VERSION = 5.0;
				TARGETED_DEVICE_FAMILY = "1,2";
				TEST_HOST = "$(BUILT_PRODUCTS_DIR)/Counter.app/$(BUNDLE_EXECUTABLE_FOLDER_PATH)/Counter";
			};
			name = Release;
		};
		1E54A2C42BD2EED500CC915C /* Debug */ = {
			isa = XCBuildConfiguration;
			buildSettings = {
				ALWAYS_EMBED_SWIFT_STANDARD_LIBRARIES = YES;
				CODE_SIGN_STYLE = Automatic;
				CURRENT_PROJECT_VERSION = 1;
				DEVELOPMENT_TEAM = U246YSASYY;
				GENERATE_INFOPLIST_FILE = YES;
				MARKETING_VERSION = 1.0;
				PRODUCT_BUNDLE_IDENTIFIER = nixanok.CounterUITests;
				PRODUCT_NAME = "$(TARGET_NAME)";
				SWIFT_EMIT_LOC_STRINGS = NO;
				SWIFT_VERSION = 5.0;
				TARGETED_DEVICE_FAMILY = "1,2";
				TEST_TARGET_NAME = Counter;
			};
			name = Debug;
		};
		1E54A2C52BD2EED500CC915C /* Release */ = {
			isa = XCBuildConfiguration;
			buildSettings = {
				ALWAYS_EMBED_SWIFT_STANDARD_LIBRARIES = YES;
				CODE_SIGN_STYLE = Automatic;
				CURRENT_PROJECT_VERSION = 1;
				DEVELOPMENT_TEAM = U246YSASYY;
				GENERATE_INFOPLIST_FILE = YES;
				MARKETING_VERSION = 1.0;
				PRODUCT_BUNDLE_IDENTIFIER = nixanok.CounterUITests;
				PRODUCT_NAME = "$(TARGET_NAME)";
				SWIFT_EMIT_LOC_STRINGS = NO;
				SWIFT_VERSION = 5.0;
				TARGETED_DEVICE_FAMILY = "1,2";
				TEST_TARGET_NAME = Counter;
			};
			name = Release;
		};
/* End XCBuildConfiguration section */

/* Begin XCConfigurationList section */
		1E54A28E2BD2EED400CC915C /* Build configuration list for PBXProject "Counter" */ = {
			isa = XCConfigurationList;
			buildConfigurations = (
				1E54A2BB2BD2EED500CC915C /* Debug */,
				1E54A2BC2BD2EED500CC915C /* Release */,
			);
			defaultConfigurationIsVisible = 0;
			defaultConfigurationName = Release;
		};
		1E54A2BD2BD2EED500CC915C /* Build configuration list for PBXNativeTarget "Counter" */ = {
			isa = XCConfigurationList;
			buildConfigurations = (
				1E54A2BE2BD2EED500CC915C /* Debug */,
				1E54A2BF2BD2EED500CC915C /* Release */,
			);
			defaultConfigurationIsVisible = 0;
			defaultConfigurationName = Release;
		};
		1E54A2C02BD2EED500CC915C /* Build configuration list for PBXNativeTarget "CounterTests" */ = {
			isa = XCConfigurationList;
			buildConfigurations = (
				1E54A2C12BD2EED500CC915C /* Debug */,
				1E54A2C22BD2EED500CC915C /* Release */,
			);
			defaultConfigurationIsVisible = 0;
			defaultConfigurationName = Release;
		};
		1E54A2C32BD2EED500CC915C /* Build configuration list for PBXNativeTarget "CounterUITests" */ = {
			isa = XCConfigurationList;
			buildConfigurations = (
				1E54A2C42BD2EED500CC915C /* Debug */,
				1E54A2C52BD2EED500CC915C /* Release */,
			);
			defaultConfigurationIsVisible = 0;
			defaultConfigurationName = Release;
		};
/* End XCConfigurationList section */
	};
	rootObject = 1E54A28B2BD2EED400CC915C /* Project object */;
}
